// !$*UTF8*$!
{
	archiveVersion = 1;
	classes = {
	};
	objectVersion = 46;
	objects = {

/* Begin PBXBuildFile section */
		AF447FE21E0CC66E0018C065 /* ChatPlayerTableViewCell.swift in Sources */ = {isa = PBXBuildFile; fileRef = AF447FE11E0CC66E0018C065 /* ChatPlayerTableViewCell.swift */; };
		AF447FE41E0CC8940018C065 /* TeamPlayerTableViewCell.swift in Sources */ = {isa = PBXBuildFile; fileRef = AF447FE31E0CC8940018C065 /* TeamPlayerTableViewCell.swift */; };
		AF447FE61E0CC8A70018C065 /* TeamUpcomingMatchTableViewCell.swift in Sources */ = {isa = PBXBuildFile; fileRef = AF447FE51E0CC8A70018C065 /* TeamUpcomingMatchTableViewCell.swift */; };
		AF447FE81E0CC8B70018C065 /* TeamPastMatchTableViewCell.swift in Sources */ = {isa = PBXBuildFile; fileRef = AF447FE71E0CC8B70018C065 /* TeamPastMatchTableViewCell.swift */; };
		AF447FEA1E0CCB8F0018C065 /* HomePlayerTableViewCell.swift in Sources */ = {isa = PBXBuildFile; fileRef = AF447FE91E0CCB8F0018C065 /* HomePlayerTableViewCell.swift */; };
		AF447FEC1E0CCBA80018C065 /* HomeUpcomingMatchTableViewCell.swift in Sources */ = {isa = PBXBuildFile; fileRef = AF447FEB1E0CCBA80018C065 /* HomeUpcomingMatchTableViewCell.swift */; };
		AF447FEE1E0CCBEB0018C065 /* MatchTeamListTableViewCell.swift in Sources */ = {isa = PBXBuildFile; fileRef = AF447FED1E0CCBEB0018C065 /* MatchTeamListTableViewCell.swift */; };
		AF447FF01E0CCC1F0018C065 /* FindTeamTeamListTableViewCell.swift in Sources */ = {isa = PBXBuildFile; fileRef = AF447FEF1E0CCC1F0018C065 /* FindTeamTeamListTableViewCell.swift */; };
		AF447FF21E0CCC780018C065 /* MainTabBarViewController.swift in Sources */ = {isa = PBXBuildFile; fileRef = AF447FF11E0CCC780018C065 /* MainTabBarViewController.swift */; };
		AFDD12CE1E0BCD9200BA3753 /* AppDelegate.swift in Sources */ = {isa = PBXBuildFile; fileRef = AFDD12CD1E0BCD9200BA3753 /* AppDelegate.swift */; };
		AFDD12D01E0BCD9200BA3753 /* LoginViewController.swift in Sources */ = {isa = PBXBuildFile; fileRef = AFDD12CF1E0BCD9200BA3753 /* LoginViewController.swift */; };
		AFDD12D31E0BCD9300BA3753 /* Main.storyboard in Resources */ = {isa = PBXBuildFile; fileRef = AFDD12D11E0BCD9300BA3753 /* Main.storyboard */; };
		AFDD12D51E0BCD9300BA3753 /* Assets.xcassets in Resources */ = {isa = PBXBuildFile; fileRef = AFDD12D41E0BCD9300BA3753 /* Assets.xcassets */; };
		AFDD12D81E0BCD9300BA3753 /* LaunchScreen.storyboard in Resources */ = {isa = PBXBuildFile; fileRef = AFDD12D61E0BCD9300BA3753 /* LaunchScreen.storyboard */; };
		AFDD12E01E0BCE1300BA3753 /* GoogleService-Info.plist in Resources */ = {isa = PBXBuildFile; fileRef = AFDD12DF1E0BCE1300BA3753 /* GoogleService-Info.plist */; };
		AFDD12E51E0BDC3000BA3753 /* ProfileViewController.swift in Sources */ = {isa = PBXBuildFile; fileRef = AFDD12E41E0BDC3000BA3753 /* ProfileViewController.swift */; };
		AFDD12E71E0BDCCE00BA3753 /* SignUpViewController.swift in Sources */ = {isa = PBXBuildFile; fileRef = AFDD12E61E0BDCCE00BA3753 /* SignUpViewController.swift */; };
		AFDD12E91E0BDCEC00BA3753 /* MatchMakingViewController.swift in Sources */ = {isa = PBXBuildFile; fileRef = AFDD12E81E0BDCEC00BA3753 /* MatchMakingViewController.swift */; };
		AFDD12EB1E0BDEF700BA3753 /* HomeViewController.swift in Sources */ = {isa = PBXBuildFile; fileRef = AFDD12EA1E0BDEF700BA3753 /* HomeViewController.swift */; };
		AFDD12ED1E0BDF0500BA3753 /* TeamViewController.swift in Sources */ = {isa = PBXBuildFile; fileRef = AFDD12EC1E0BDF0500BA3753 /* TeamViewController.swift */; };
		AFDD12EF1E0BDF1200BA3753 /* ChatViewController.swift in Sources */ = {isa = PBXBuildFile; fileRef = AFDD12EE1E0BDF1200BA3753 /* ChatViewController.swift */; };
		E508760A468D6E16F95696AC /* Pods_SportProject.framework in Frameworks */ = {isa = PBXBuildFile; fileRef = 513BE59EE5B36984878DCF19 /* Pods_SportProject.framework */; };
/* End PBXBuildFile section */

/* Begin PBXFileReference section */
		513BE59EE5B36984878DCF19 /* Pods_SportProject.framework */ = {isa = PBXFileReference; explicitFileType = wrapper.framework; includeInIndex = 0; path = Pods_SportProject.framework; sourceTree = BUILT_PRODUCTS_DIR; };
		AF447FE11E0CC66E0018C065 /* ChatPlayerTableViewCell.swift */ = {isa = PBXFileReference; fileEncoding = 4; lastKnownFileType = sourcecode.swift; path = ChatPlayerTableViewCell.swift; sourceTree = "<group>"; };
		AF447FE31E0CC8940018C065 /* TeamPlayerTableViewCell.swift */ = {isa = PBXFileReference; fileEncoding = 4; lastKnownFileType = sourcecode.swift; path = TeamPlayerTableViewCell.swift; sourceTree = "<group>"; };
		AF447FE51E0CC8A70018C065 /* TeamUpcomingMatchTableViewCell.swift */ = {isa = PBXFileReference; fileEncoding = 4; lastKnownFileType = sourcecode.swift; path = TeamUpcomingMatchTableViewCell.swift; sourceTree = "<group>"; };
		AF447FE71E0CC8B70018C065 /* TeamPastMatchTableViewCell.swift */ = {isa = PBXFileReference; fileEncoding = 4; lastKnownFileType = sourcecode.swift; path = TeamPastMatchTableViewCell.swift; sourceTree = "<group>"; };
		AF447FE91E0CCB8F0018C065 /* HomePlayerTableViewCell.swift */ = {isa = PBXFileReference; fileEncoding = 4; lastKnownFileType = sourcecode.swift; path = HomePlayerTableViewCell.swift; sourceTree = "<group>"; };
		AF447FEB1E0CCBA80018C065 /* HomeUpcomingMatchTableViewCell.swift */ = {isa = PBXFileReference; fileEncoding = 4; lastKnownFileType = sourcecode.swift; path = HomeUpcomingMatchTableViewCell.swift; sourceTree = "<group>"; };
		AF447FED1E0CCBEB0018C065 /* MatchTeamListTableViewCell.swift */ = {isa = PBXFileReference; fileEncoding = 4; lastKnownFileType = sourcecode.swift; path = MatchTeamListTableViewCell.swift; sourceTree = "<group>"; };
		AF447FEF1E0CCC1F0018C065 /* FindTeamTeamListTableViewCell.swift */ = {isa = PBXFileReference; fileEncoding = 4; lastKnownFileType = sourcecode.swift; path = FindTeamTeamListTableViewCell.swift; sourceTree = "<group>"; };
		AF447FF11E0CCC780018C065 /* MainTabBarViewController.swift */ = {isa = PBXFileReference; fileEncoding = 4; lastKnownFileType = sourcecode.swift; path = MainTabBarViewController.swift; sourceTree = "<group>"; };
		AFDD12CA1E0BCD9100BA3753 /* SportProject.app */ = {isa = PBXFileReference; explicitFileType = wrapper.application; includeInIndex = 0; path = SportProject.app; sourceTree = BUILT_PRODUCTS_DIR; };
		AFDD12CD1E0BCD9200BA3753 /* AppDelegate.swift */ = {isa = PBXFileReference; lastKnownFileType = sourcecode.swift; path = AppDelegate.swift; sourceTree = "<group>"; };
		AFDD12CF1E0BCD9200BA3753 /* LoginViewController.swift */ = {isa = PBXFileReference; lastKnownFileType = sourcecode.swift; path = LoginViewController.swift; sourceTree = "<group>"; };
		AFDD12D21E0BCD9300BA3753 /* Base */ = {isa = PBXFileReference; lastKnownFileType = file.storyboard; name = Base; path = Base.lproj/Main.storyboard; sourceTree = "<group>"; };
		AFDD12D41E0BCD9300BA3753 /* Assets.xcassets */ = {isa = PBXFileReference; lastKnownFileType = folder.assetcatalog; path = Assets.xcassets; sourceTree = "<group>"; };
		AFDD12D71E0BCD9300BA3753 /* Base */ = {isa = PBXFileReference; lastKnownFileType = file.storyboard; name = Base; path = Base.lproj/LaunchScreen.storyboard; sourceTree = "<group>"; };
		AFDD12D91E0BCD9300BA3753 /* Info.plist */ = {isa = PBXFileReference; lastKnownFileType = text.plist.xml; path = Info.plist; sourceTree = "<group>"; };
		AFDD12DF1E0BCE1300BA3753 /* GoogleService-Info.plist */ = {isa = PBXFileReference; fileEncoding = 4; lastKnownFileType = text.plist.xml; path = "GoogleService-Info.plist"; sourceTree = "<group>"; };
		AFDD12E41E0BDC3000BA3753 /* ProfileViewController.swift */ = {isa = PBXFileReference; fileEncoding = 4; lastKnownFileType = sourcecode.swift; path = ProfileViewController.swift; sourceTree = "<group>"; };
		AFDD12E61E0BDCCE00BA3753 /* SignUpViewController.swift */ = {isa = PBXFileReference; fileEncoding = 4; lastKnownFileType = sourcecode.swift; path = SignUpViewController.swift; sourceTree = "<group>"; };
		AFDD12E81E0BDCEC00BA3753 /* MatchMakingViewController.swift */ = {isa = PBXFileReference; fileEncoding = 4; lastKnownFileType = sourcecode.swift; path = MatchMakingViewController.swift; sourceTree = "<group>"; };
		AFDD12EA1E0BDEF700BA3753 /* HomeViewController.swift */ = {isa = PBXFileReference; fileEncoding = 4; lastKnownFileType = sourcecode.swift; path = HomeViewController.swift; sourceTree = "<group>"; };
		AFDD12EC1E0BDF0500BA3753 /* TeamViewController.swift */ = {isa = PBXFileReference; fileEncoding = 4; lastKnownFileType = sourcecode.swift; path = TeamViewController.swift; sourceTree = "<group>"; };
		AFDD12EE1E0BDF1200BA3753 /* ChatViewController.swift */ = {isa = PBXFileReference; fileEncoding = 4; lastKnownFileType = sourcecode.swift; path = ChatViewController.swift; sourceTree = "<group>"; };
		D132442992D4319F52B9C9BD /* Pods-SportProject.debug.xcconfig */ = {isa = PBXFileReference; includeInIndex = 1; lastKnownFileType = text.xcconfig; name = "Pods-SportProject.debug.xcconfig"; path = "Pods/Target Support Files/Pods-SportProject/Pods-SportProject.debug.xcconfig"; sourceTree = "<group>"; };
		F307DBFBE1A91C5B8D59D78B /* Pods-SportProject.release.xcconfig */ = {isa = PBXFileReference; includeInIndex = 1; lastKnownFileType = text.xcconfig; name = "Pods-SportProject.release.xcconfig"; path = "Pods/Target Support Files/Pods-SportProject/Pods-SportProject.release.xcconfig"; sourceTree = "<group>"; };
/* End PBXFileReference section */

/* Begin PBXFrameworksBuildPhase section */
		AFDD12C71E0BCD9100BA3753 /* Frameworks */ = {
			isa = PBXFrameworksBuildPhase;
			buildActionMask = 2147483647;
			files = (
				E508760A468D6E16F95696AC /* Pods_SportProject.framework in Frameworks */,
			);
			runOnlyForDeploymentPostprocessing = 0;
		};
/* End PBXFrameworksBuildPhase section */

/* Begin PBXGroup section */
		14FDB365C13BA820BB899F12 /* Pods */ = {
			isa = PBXGroup;
			children = (
				D132442992D4319F52B9C9BD /* Pods-SportProject.debug.xcconfig */,
				F307DBFBE1A91C5B8D59D78B /* Pods-SportProject.release.xcconfig */,
			);
			name = Pods;
			sourceTree = "<group>";
		};
		AF447FDE1E0CBCF10018C065 /* TableViewCell */ = {
			isa = PBXGroup;
			children = (
				AF447FE11E0CC66E0018C065 /* ChatPlayerTableViewCell.swift */,
				AF447FE31E0CC8940018C065 /* TeamPlayerTableViewCell.swift */,
				AF447FE51E0CC8A70018C065 /* TeamUpcomingMatchTableViewCell.swift */,
				AF447FE71E0CC8B70018C065 /* TeamPastMatchTableViewCell.swift */,
				AF447FE91E0CCB8F0018C065 /* HomePlayerTableViewCell.swift */,
				AF447FEB1E0CCBA80018C065 /* HomeUpcomingMatchTableViewCell.swift */,
				AF447FED1E0CCBEB0018C065 /* MatchTeamListTableViewCell.swift */,
				AF447FEF1E0CCC1F0018C065 /* FindTeamTeamListTableViewCell.swift */,
			);
			name = TableViewCell;
			sourceTree = "<group>";
		};
		AF447FDF1E0CBD010018C065 /* Modal */ = {
			isa = PBXGroup;
			children = (
			);
			name = Modal;
			sourceTree = "<group>";
		};
		AF447FE01E0CBD060018C065 /* Helper */ = {
			isa = PBXGroup;
			children = (
			);
			name = Helper;
			sourceTree = "<group>";
		};
		AFDD12C11E0BCD8F00BA3753 = {
			isa = PBXGroup;
			children = (
				AFDD12CC1E0BCD9100BA3753 /* SportProject */,
				AFDD12CB1E0BCD9100BA3753 /* Products */,
				14FDB365C13BA820BB899F12 /* Pods */,
				DF9C7681F3A6FD1B5D7C8C91 /* Frameworks */,
			);
			sourceTree = "<group>";
		};
		AFDD12CB1E0BCD9100BA3753 /* Products */ = {
			isa = PBXGroup;
			children = (
				AFDD12CA1E0BCD9100BA3753 /* SportProject.app */,
			);
			name = Products;
			sourceTree = "<group>";
		};
		AFDD12CC1E0BCD9100BA3753 /* SportProject */ = {
			isa = PBXGroup;
			children = (
				AF447FE01E0CBD060018C065 /* Helper */,
				AF447FDF1E0CBD010018C065 /* Modal */,
				AF447FDE1E0CBCF10018C065 /* TableViewCell */,
				AFDD12E11E0BDBB600BA3753 /* ViewControllers */,
				AFDD12CD1E0BCD9200BA3753 /* AppDelegate.swift */,
				AFDD12D11E0BCD9300BA3753 /* Main.storyboard */,
				AFDD12D41E0BCD9300BA3753 /* Assets.xcassets */,
				AFDD12D61E0BCD9300BA3753 /* LaunchScreen.storyboard */,
				AFDD12D91E0BCD9300BA3753 /* Info.plist */,
				AFDD12DF1E0BCE1300BA3753 /* GoogleService-Info.plist */,
			);
			path = SportProject;
			sourceTree = "<group>";
		};
		AFDD12E11E0BDBB600BA3753 /* ViewControllers */ = {
			isa = PBXGroup;
			children = (
				AFDD12CF1E0BCD9200BA3753 /* LoginViewController.swift */,
				AFDD12E41E0BDC3000BA3753 /* ProfileViewController.swift */,
				AFDD12E61E0BDCCE00BA3753 /* SignUpViewController.swift */,
				AFDD12E81E0BDCEC00BA3753 /* MatchMakingViewController.swift */,
				AFDD12EA1E0BDEF700BA3753 /* HomeViewController.swift */,
				AFDD12EC1E0BDF0500BA3753 /* TeamViewController.swift */,
				AFDD12EE1E0BDF1200BA3753 /* ChatViewController.swift */,
				AF447FF11E0CCC780018C065 /* MainTabBarViewController.swift */,
			);
			name = ViewControllers;
			sourceTree = "<group>";
		};
		DF9C7681F3A6FD1B5D7C8C91 /* Frameworks */ = {
			isa = PBXGroup;
			children = (
				513BE59EE5B36984878DCF19 /* Pods_SportProject.framework */,
			);
			name = Frameworks;
			sourceTree = "<group>";
		};
/* End PBXGroup section */

/* Begin PBXNativeTarget section */
		AFDD12C91E0BCD9100BA3753 /* SportProject */ = {
			isa = PBXNativeTarget;
			buildConfigurationList = AFDD12DC1E0BCD9300BA3753 /* Build configuration list for PBXNativeTarget "SportProject" */;
			buildPhases = (
				82DF117EB3B0C5C229A91F25 /* [CP] Check Pods Manifest.lock */,
				AFDD12C61E0BCD9100BA3753 /* Sources */,
				AFDD12C71E0BCD9100BA3753 /* Frameworks */,
				AFDD12C81E0BCD9100BA3753 /* Resources */,
				67B8CFC028E994428877FF5F /* [CP] Embed Pods Frameworks */,
				2328E14D09E932F87B3B812C /* [CP] Copy Pods Resources */,
			);
			buildRules = (
			);
			dependencies = (
			);
			name = SportProject;
			productName = SportProject;
			productReference = AFDD12CA1E0BCD9100BA3753 /* SportProject.app */;
			productType = "com.apple.product-type.application";
		};
/* End PBXNativeTarget section */

/* Begin PBXProject section */
		AFDD12C21E0BCD9000BA3753 /* Project object */ = {
			isa = PBXProject;
			attributes = {
				LastSwiftUpdateCheck = 0820;
				LastUpgradeCheck = 0820;
				ORGANIZATIONNAME = Calvin.kl;
				TargetAttributes = {
					AFDD12C91E0BCD9100BA3753 = {
						CreatedOnToolsVersion = 8.2;
						ProvisioningStyle = Automatic;
					};
				};
			};
			buildConfigurationList = AFDD12C51E0BCD9000BA3753 /* Build configuration list for PBXProject "SportProject" */;
			compatibilityVersion = "Xcode 3.2";
			developmentRegion = English;
			hasScannedForEncodings = 0;
			knownRegions = (
				en,
				Base,
			);
			mainGroup = AFDD12C11E0BCD8F00BA3753;
			productRefGroup = AFDD12CB1E0BCD9100BA3753 /* Products */;
			projectDirPath = "";
			projectRoot = "";
			targets = (
				AFDD12C91E0BCD9100BA3753 /* SportProject */,
			);
		};
/* End PBXProject section */

/* Begin PBXResourcesBuildPhase section */
		AFDD12C81E0BCD9100BA3753 /* Resources */ = {
			isa = PBXResourcesBuildPhase;
			buildActionMask = 2147483647;
			files = (
				AFDD12D81E0BCD9300BA3753 /* LaunchScreen.storyboard in Resources */,
				AFDD12E01E0BCE1300BA3753 /* GoogleService-Info.plist in Resources */,
				AFDD12D51E0BCD9300BA3753 /* Assets.xcassets in Resources */,
				AFDD12D31E0BCD9300BA3753 /* Main.storyboard in Resources */,
			);
			runOnlyForDeploymentPostprocessing = 0;
		};
/* End PBXResourcesBuildPhase section */

/* Begin PBXShellScriptBuildPhase section */
		2328E14D09E932F87B3B812C /* [CP] Copy Pods Resources */ = {
			isa = PBXShellScriptBuildPhase;
			buildActionMask = 2147483647;
			files = (
			);
			inputPaths = (
			);
			name = "[CP] Copy Pods Resources";
			outputPaths = (
			);
			runOnlyForDeploymentPostprocessing = 0;
			shellPath = /bin/sh;
			shellScript = "\"${SRCROOT}/Pods/Target Support Files/Pods-SportProject/Pods-SportProject-resources.sh\"\n";
			showEnvVarsInLog = 0;
		};
		67B8CFC028E994428877FF5F /* [CP] Embed Pods Frameworks */ = {
			isa = PBXShellScriptBuildPhase;
			buildActionMask = 2147483647;
			files = (
			);
			inputPaths = (
			);
			name = "[CP] Embed Pods Frameworks";
			outputPaths = (
			);
			runOnlyForDeploymentPostprocessing = 0;
			shellPath = /bin/sh;
			shellScript = "\"${SRCROOT}/Pods/Target Support Files/Pods-SportProject/Pods-SportProject-frameworks.sh\"\n";
			showEnvVarsInLog = 0;
		};
		82DF117EB3B0C5C229A91F25 /* [CP] Check Pods Manifest.lock */ = {
			isa = PBXShellScriptBuildPhase;
			buildActionMask = 2147483647;
			files = (
			);
			inputPaths = (
			);
			name = "[CP] Check Pods Manifest.lock";
			outputPaths = (
			);
			runOnlyForDeploymentPostprocessing = 0;
			shellPath = /bin/sh;
			shellScript = "diff \"${PODS_ROOT}/../Podfile.lock\" \"${PODS_ROOT}/Manifest.lock\" > /dev/null\nif [ $? != 0 ] ; then\n    # print error to STDERR\n    echo \"error: The sandbox is not in sync with the Podfile.lock. Run 'pod install' or update your CocoaPods installation.\" >&2\n    exit 1\nfi\n";
			showEnvVarsInLog = 0;
		};
/* End PBXShellScriptBuildPhase section */

/* Begin PBXSourcesBuildPhase section */
		AFDD12C61E0BCD9100BA3753 /* Sources */ = {
			isa = PBXSourcesBuildPhase;
			buildActionMask = 2147483647;
			files = (
				AF447FEA1E0CCB8F0018C065 /* HomePlayerTableViewCell.swift in Sources */,
				AF447FE81E0CC8B70018C065 /* TeamPastMatchTableViewCell.swift in Sources */,
				AF447FEC1E0CCBA80018C065 /* HomeUpcomingMatchTableViewCell.swift in Sources */,
				AF447FF21E0CCC780018C065 /* MainTabBarViewController.swift in Sources */,
				AFDD12D01E0BCD9200BA3753 /* LoginViewController.swift in Sources */,
				AFDD12E91E0BDCEC00BA3753 /* MatchMakingViewController.swift in Sources */,
				AFDD12EF1E0BDF1200BA3753 /* ChatViewController.swift in Sources */,
				AFDD12E51E0BDC3000BA3753 /* ProfileViewController.swift in Sources */,
				AFDD12E71E0BDCCE00BA3753 /* SignUpViewController.swift in Sources */,
				AFDD12CE1E0BCD9200BA3753 /* AppDelegate.swift in Sources */,
				AFDD12EB1E0BDEF700BA3753 /* HomeViewController.swift in Sources */,
				AFDD12ED1E0BDF0500BA3753 /* TeamViewController.swift in Sources */,
				AF447FE21E0CC66E0018C065 /* ChatPlayerTableViewCell.swift in Sources */,
				AF447FF01E0CCC1F0018C065 /* FindTeamTeamListTableViewCell.swift in Sources */,
				AF447FEE1E0CCBEB0018C065 /* MatchTeamListTableViewCell.swift in Sources */,
				AF447FE61E0CC8A70018C065 /* TeamUpcomingMatchTableViewCell.swift in Sources */,
				AF447FE41E0CC8940018C065 /* TeamPlayerTableViewCell.swift in Sources */,
			);
			runOnlyForDeploymentPostprocessing = 0;
		};
/* End PBXSourcesBuildPhase section */

/* Begin PBXVariantGroup section */
		AFDD12D11E0BCD9300BA3753 /* Main.storyboard */ = {
			isa = PBXVariantGroup;
			children = (
				AFDD12D21E0BCD9300BA3753 /* Base */,
			);
			name = Main.storyboard;
			sourceTree = "<group>";
		};
		AFDD12D61E0BCD9300BA3753 /* LaunchScreen.storyboard */ = {
			isa = PBXVariantGroup;
			children = (
				AFDD12D71E0BCD9300BA3753 /* Base */,
			);
			name = LaunchScreen.storyboard;
			sourceTree = "<group>";
		};
/* End PBXVariantGroup section */

/* Begin XCBuildConfiguration section */
		AFDD12DA1E0BCD9300BA3753 /* Debug */ = {
			isa = XCBuildConfiguration;
			buildSettings = {
				ALWAYS_SEARCH_USER_PATHS = NO;
				CLANG_ANALYZER_NONNULL = YES;
				CLANG_CXX_LANGUAGE_STANDARD = "gnu++0x";
				CLANG_CXX_LIBRARY = "libc++";
				CLANG_ENABLE_MODULES = YES;
				CLANG_ENABLE_OBJC_ARC = YES;
				CLANG_WARN_BOOL_CONVERSION = YES;
				CLANG_WARN_CONSTANT_CONVERSION = YES;
				CLANG_WARN_DIRECT_OBJC_ISA_USAGE = YES_ERROR;
				CLANG_WARN_DOCUMENTATION_COMMENTS = YES;
				CLANG_WARN_EMPTY_BODY = YES;
				CLANG_WARN_ENUM_CONVERSION = YES;
				CLANG_WARN_INFINITE_RECURSION = YES;
				CLANG_WARN_INT_CONVERSION = YES;
				CLANG_WARN_OBJC_ROOT_CLASS = YES_ERROR;
				CLANG_WARN_SUSPICIOUS_MOVE = YES;
				CLANG_WARN_UNREACHABLE_CODE = YES;
				CLANG_WARN__DUPLICATE_METHOD_MATCH = YES;
				"CODE_SIGN_IDENTITY[sdk=iphoneos*]" = "iPhone Developer";
				COPY_PHASE_STRIP = NO;
				DEBUG_INFORMATION_FORMAT = dwarf;
				ENABLE_STRICT_OBJC_MSGSEND = YES;
				ENABLE_TESTABILITY = YES;
				GCC_C_LANGUAGE_STANDARD = gnu99;
				GCC_DYNAMIC_NO_PIC = NO;
				GCC_NO_COMMON_BLOCKS = YES;
				GCC_OPTIMIZATION_LEVEL = 0;
				GCC_PREPROCESSOR_DEFINITIONS = (
					"DEBUG=1",
					"$(inherited)",
				);
				GCC_WARN_64_TO_32_BIT_CONVERSION = YES;
				GCC_WARN_ABOUT_RETURN_TYPE = YES_ERROR;
				GCC_WARN_UNDECLARED_SELECTOR = YES;
				GCC_WARN_UNINITIALIZED_AUTOS = YES_AGGRESSIVE;
				GCC_WARN_UNUSED_FUNCTION = YES;
				GCC_WARN_UNUSED_VARIABLE = YES;
				IPHONEOS_DEPLOYMENT_TARGET = 10.2;
				MTL_ENABLE_DEBUG_INFO = YES;
				ONLY_ACTIVE_ARCH = YES;
				SDKROOT = iphoneos;
				SWIFT_ACTIVE_COMPILATION_CONDITIONS = DEBUG;
				SWIFT_OPTIMIZATION_LEVEL = "-Onone";
				TARGETED_DEVICE_FAMILY = "1,2";
			};
			name = Debug;
		};
		AFDD12DB1E0BCD9300BA3753 /* Release */ = {
			isa = XCBuildConfiguration;
			buildSettings = {
				ALWAYS_SEARCH_USER_PATHS = NO;
				CLANG_ANALYZER_NONNULL = YES;
				CLANG_CXX_LANGUAGE_STANDARD = "gnu++0x";
				CLANG_CXX_LIBRARY = "libc++";
				CLANG_ENABLE_MODULES = YES;
				CLANG_ENABLE_OBJC_ARC = YES;
				CLANG_WARN_BOOL_CONVERSION = YES;
				CLANG_WARN_CONSTANT_CONVERSION = YES;
				CLANG_WARN_DIRECT_OBJC_ISA_USAGE = YES_ERROR;
				CLANG_WARN_DOCUMENTATION_COMMENTS = YES;
				CLANG_WARN_EMPTY_BODY = YES;
				CLANG_WARN_ENUM_CONVERSION = YES;
				CLANG_WARN_INFINITE_RECURSION = YES;
				CLANG_WARN_INT_CONVERSION = YES;
				CLANG_WARN_OBJC_ROOT_CLASS = YES_ERROR;
				CLANG_WARN_SUSPICIOUS_MOVE = YES;
				CLANG_WARN_UNREACHABLE_CODE = YES;
				CLANG_WARN__DUPLICATE_METHOD_MATCH = YES;
				"CODE_SIGN_IDENTITY[sdk=iphoneos*]" = "iPhone Developer";
				COPY_PHASE_STRIP = NO;
				DEBUG_INFORMATION_FORMAT = "dwarf-with-dsym";
				ENABLE_NS_ASSERTIONS = NO;
				ENABLE_STRICT_OBJC_MSGSEND = YES;
				GCC_C_LANGUAGE_STANDARD = gnu99;
				GCC_NO_COMMON_BLOCKS = YES;
				GCC_WARN_64_TO_32_BIT_CONVERSION = YES;
				GCC_WARN_ABOUT_RETURN_TYPE = YES_ERROR;
				GCC_WARN_UNDECLARED_SELECTOR = YES;
				GCC_WARN_UNINITIALIZED_AUTOS = YES_AGGRESSIVE;
				GCC_WARN_UNUSED_FUNCTION = YES;
				GCC_WARN_UNUSED_VARIABLE = YES;
				IPHONEOS_DEPLOYMENT_TARGET = 10.2;
				MTL_ENABLE_DEBUG_INFO = NO;
				SDKROOT = iphoneos;
				SWIFT_OPTIMIZATION_LEVEL = "-Owholemodule";
				TARGETED_DEVICE_FAMILY = "1,2";
				VALIDATE_PRODUCT = YES;
			};
			name = Release;
		};
		AFDD12DD1E0BCD9300BA3753 /* Debug */ = {
			isa = XCBuildConfiguration;
			baseConfigurationReference = D132442992D4319F52B9C9BD /* Pods-SportProject.debug.xcconfig */;
			buildSettings = {
				ASSETCATALOG_COMPILER_APPICON_NAME = AppIcon;
				INFOPLIST_FILE = SportProject/Info.plist;
				LD_RUNPATH_SEARCH_PATHS = "$(inherited) @executable_path/Frameworks";
				PRODUCT_BUNDLE_IDENTIFIER = com.calvin.kl.SportProject;
				PRODUCT_NAME = "$(TARGET_NAME)";
				SWIFT_VERSION = 3.0;
			};
			name = Debug;
		};
		AFDD12DE1E0BCD9300BA3753 /* Release */ = {
			isa = XCBuildConfiguration;
			baseConfigurationReference = F307DBFBE1A91C5B8D59D78B /* Pods-SportProject.release.xcconfig */;
			buildSettings = {
				ASSETCATALOG_COMPILER_APPICON_NAME = AppIcon;
				INFOPLIST_FILE = SportProject/Info.plist;
				LD_RUNPATH_SEARCH_PATHS = "$(inherited) @executable_path/Frameworks";
				PRODUCT_BUNDLE_IDENTIFIER = com.calvin.kl.SportProject;
				PRODUCT_NAME = "$(TARGET_NAME)";
				SWIFT_VERSION = 3.0;
			};
			name = Release;
		};
/* End XCBuildConfiguration section */

/* Begin XCConfigurationList section */
		AFDD12C51E0BCD9000BA3753 /* Build configuration list for PBXProject "SportProject" */ = {
			isa = XCConfigurationList;
			buildConfigurations = (
				AFDD12DA1E0BCD9300BA3753 /* Debug */,
				AFDD12DB1E0BCD9300BA3753 /* Release */,
			);
			defaultConfigurationIsVisible = 0;
			defaultConfigurationName = Release;
		};
		AFDD12DC1E0BCD9300BA3753 /* Build configuration list for PBXNativeTarget "SportProject" */ = {
			isa = XCConfigurationList;
			buildConfigurations = (
				AFDD12DD1E0BCD9300BA3753 /* Debug */,
				AFDD12DE1E0BCD9300BA3753 /* Release */,
			);
			defaultConfigurationIsVisible = 0;
			defaultConfigurationName = Release;
		};
/* End XCConfigurationList section */
	};
	rootObject = AFDD12C21E0BCD9000BA3753 /* Project object */;
}
